
Microsoft Visual Studio Solution File, Format Version 12.00
# Visual Studio Version 17
VisualStudioVersion = 17.14.36414.22 d17.14
MinimumVisualStudioVersion = 10.0.40219.1
Project("{FAE04EC0-301F-11D3-BF4B-00C04F79EFBC}") = "pr4", "pr4\pr4.csproj", "{4DB81E18-81C2-4C03-BBFD-FB96AC2B31B4}"
EndProject
Global
	GlobalSection(SolutionConfigurationPlatforms) = preSolution
		Debug|Any CPU = Debug|Any CPU
		Release|Any CPU = Release|Any CPU
	EndGlobalSection
	GlobalSection(ProjectConfigurationPlatforms) = postSolution
		{4DB81E18-81C2-4C03-BBFD-FB96AC2B31B4}.Debug|Any CPU.ActiveCfg = Debug|Any CPU
		{4DB81E18-81C2-4C03-BBFD-FB96AC2B31B4}.Debug|Any CPU.Build.0 = Debug|Any CPU
		{4DB81E18-81C2-4C03-BBFD-FB96AC2B31B4}.Release|Any CPU.ActiveCfg = Release|Any CPU
		{4DB81E18-81C2-4C03-BBFD-FB96AC2B31B4}.Release|Any CPU.Build.0 = Release|Any CPU
	EndGlobalSection
	GlobalSection(SolutionProperties) = preSolution
		HideSolutionNode = FALSE
	EndGlobalSection
	GlobalSection(ExtensibilityGlobals) = postSolution
		SolutionGuid = {F8F61070-33AA-48D0-816A-EFCC5BF2B70B}
	EndGlobalSection
EndGlobal
